
Microsoft Visual Studio Solution File, Format Version 12.00
# Visual Studio Version 16
VisualStudioVersion = 16.0.29418.71
MinimumVisualStudioVersion = 10.0.40219.1
Project("{9A19103F-16F7-4668-BE54-9A1E7A4F7556}") = "StudentExercisesApp", "StudentExercisesApp.csproj", "{BF4AFEF5-E0A7-4269-AA81-D6C8CE907EFF}"
EndProject
Global
	GlobalSection(SolutionConfigurationPlatforms) = preSolution
		Debug|Any CPU = Debug|Any CPU
		Release|Any CPU = Release|Any CPU
	EndGlobalSection
	GlobalSection(ProjectConfigurationPlatforms) = postSolution
		{BF4AFEF5-E0A7-4269-AA81-D6C8CE907EFF}.Debug|Any CPU.ActiveCfg = Debug|Any CPU
		{BF4AFEF5-E0A7-4269-AA81-D6C8CE907EFF}.Debug|Any CPU.Build.0 = Debug|Any CPU
		{BF4AFEF5-E0A7-4269-AA81-D6C8CE907EFF}.Release|Any CPU.ActiveCfg = Release|Any CPU
		{BF4AFEF5-E0A7-4269-AA81-D6C8CE907EFF}.Release|Any CPU.Build.0 = Release|Any CPU
	EndGlobalSection
	GlobalSection(SolutionProperties) = preSolution
		HideSolutionNode = FALSE
	EndGlobalSection
	GlobalSection(ExtensibilityGlobals) = postSolution
		SolutionGuid = {74934667-3E48-495A-8FB5-03F8EE5FB10F}
	EndGlobalSection
EndGlobal
